
Microsoft Visual Studio Solution File, Format Version 12.00
# Visual Studio Version 17
VisualStudioVersion = 17.2.32526.322
MinimumVisualStudioVersion = 10.0.40219.1
Project("{9A19103F-16F7-4668-BE54-9A1E7A4F7556}") = "HPlusSportApi", "HPlusSportApi\HPlusSportApi.csproj", "{3B055805-C7EF-4413-BE3F-7A926F346B17}"
EndProject
Project("{2150E333-8FDC-42A3-9474-1A3956D46DE8}") = "Solution Items", "Solution Items", "{5059E965-128D-402C-BF32-2EA055351007}"
	ProjectSection(SolutionItems) = preProject
		.editorconfig = .editorconfig
	EndProjectSection
EndProject
Global
	GlobalSection(SolutionConfigurationPlatforms) = preSolution
		Debug|Any CPU = Debug|Any CPU
		Release|Any CPU = Release|Any CPU
	EndGlobalSection
	GlobalSection(ProjectConfigurationPlatforms) = postSolution
		{3B055805-C7EF-4413-BE3F-7A926F346B17}.Debug|Any CPU.ActiveCfg = Debug|Any CPU
		{3B055805-C7EF-4413-BE3F-7A926F346B17}.Debug|Any CPU.Build.0 = Debug|Any CPU
		{3B055805-C7EF-4413-BE3F-7A926F346B17}.Release|Any CPU.ActiveCfg = Release|Any CPU
		{3B055805-C7EF-4413-BE3F-7A926F346B17}.Release|Any CPU.Build.0 = Release|Any CPU
	EndGlobalSection
	GlobalSection(SolutionProperties) = preSolution
		HideSolutionNode = FALSE
	EndGlobalSection
	GlobalSection(ExtensibilityGlobals) = postSolution
		SolutionGuid = {CFAB79DC-A787-48C5-9FFE-FA41715164C5}
	EndGlobalSection
EndGlobal
